
Microsoft Visual Studio Solution File, Format Version 12.00
# Visual Studio Version 16
VisualStudioVersion = 16.0.31313.79
MinimumVisualStudioVersion = 10.0.40219.1
Project("{9A19103F-16F7-4668-BE54-9A1E7A4F7556}") = "DataAccess", "DataAccess\DataAccess.csproj", "{4B357729-15CA-441F-BF5C-793DC2FED80A}"
EndProject
Project("{9A19103F-16F7-4668-BE54-9A1E7A4F7556}") = "Business", "Business\Business.csproj", "{8EADC087-2AF7-4483-A79C-888BE766D3F9}"
EndProject
Project("{9A19103F-16F7-4668-BE54-9A1E7A4F7556}") = "Entities", "Entities\Entities.csproj", "{0E850B17-DB22-44DB-A840-AFBCF9D1E197}"
EndProject
Project("{9A19103F-16F7-4668-BE54-9A1E7A4F7556}") = "ConsoleUI", "ConsoleUI\ConsoleUI.csproj", "{1F306807-5ADB-4FFE-8E21-B9A66337DB37}"
EndProject
Project("{9A19103F-16F7-4668-BE54-9A1E7A4F7556}") = "Core", "Core\Core.csproj", "{30A3B67B-BC54-4277-ADEB-02C5C2AA9599}"
EndProject
Project("{FAE04EC0-301F-11D3-BF4B-00C04F79EFBC}") = "WebAPI", "WebAPI\WebAPI.csproj", "{2403A0AE-5252-4115-8E76-6971597059EF}"
EndProject
Global
	GlobalSection(SolutionConfigurationPlatforms) = preSolution
		Debug|Any CPU = Debug|Any CPU
		Release|Any CPU = Release|Any CPU
	EndGlobalSection
	GlobalSection(ProjectConfigurationPlatforms) = postSolution
		{4B357729-15CA-441F-BF5C-793DC2FED80A}.Debug|Any CPU.ActiveCfg = Debug|Any CPU
		{4B357729-15CA-441F-BF5C-793DC2FED80A}.Debug|Any CPU.Build.0 = Debug|Any CPU
		{4B357729-15CA-441F-BF5C-793DC2FED80A}.Release|Any CPU.ActiveCfg = Release|Any CPU
		{4B357729-15CA-441F-BF5C-793DC2FED80A}.Release|Any CPU.Build.0 = Release|Any CPU
		{8EADC087-2AF7-4483-A79C-888BE766D3F9}.Debug|Any CPU.ActiveCfg = Debug|Any CPU
		{8EADC087-2AF7-4483-A79C-888BE766D3F9}.Debug|Any CPU.Build.0 = Debug|Any CPU
		{8EADC087-2AF7-4483-A79C-888BE766D3F9}.Release|Any CPU.ActiveCfg = Release|Any CPU
		{8EADC087-2AF7-4483-A79C-888BE766D3F9}.Release|Any CPU.Build.0 = Release|Any CPU
		{0E850B17-DB22-44DB-A840-AFBCF9D1E197}.Debug|Any CPU.ActiveCfg = Debug|Any CPU
		{0E850B17-DB22-44DB-A840-AFBCF9D1E197}.Debug|Any CPU.Build.0 = Debug|Any CPU
		{0E850B17-DB22-44DB-A840-AFBCF9D1E197}.Release|Any CPU.ActiveCfg = Release|Any CPU
		{0E850B17-DB22-44DB-A840-AFBCF9D1E197}.Release|Any CPU.Build.0 = Release|Any CPU
		{1F306807-5ADB-4FFE-8E21-B9A66337DB37}.Debug|Any CPU.ActiveCfg = Debug|Any CPU
		{1F306807-5ADB-4FFE-8E21-B9A66337DB37}.Debug|Any CPU.Build.0 = Debug|Any CPU
		{1F306807-5ADB-4FFE-8E21-B9A66337DB37}.Release|Any CPU.ActiveCfg = Release|Any CPU
		{1F306807-5ADB-4FFE-8E21-B9A66337DB37}.Release|Any CPU.Build.0 = Release|Any CPU
		{30A3B67B-BC54-4277-ADEB-02C5C2AA9599}.Debug|Any CPU.ActiveCfg = Debug|Any CPU
		{30A3B67B-BC54-4277-ADEB-02C5C2AA9599}.Debug|Any CPU.Build.0 = Debug|Any CPU
		{30A3B67B-BC54-4277-ADEB-02C5C2AA9599}.Release|Any CPU.ActiveCfg = Release|Any CPU
		{30A3B67B-BC54-4277-ADEB-02C5C2AA9599}.Release|Any CPU.Build.0 = Release|Any CPU
		{2403A0AE-5252-4115-8E76-6971597059EF}.Debug|Any CPU.ActiveCfg = Debug|Any CPU
		{2403A0AE-5252-4115-8E76-6971597059EF}.Debug|Any CPU.Build.0 = Debug|Any CPU
		{2403A0AE-5252-4115-8E76-6971597059EF}.Release|Any CPU.ActiveCfg = Release|Any CPU
		{2403A0AE-5252-4115-8E76-6971597059EF}.Release|Any CPU.Build.0 = Release|Any CPU
	EndGlobalSection
	GlobalSection(SolutionProperties) = preSolution
		HideSolutionNode = FALSE
	EndGlobalSection
	GlobalSection(ExtensibilityGlobals) = postSolution
		SolutionGuid = {21D4DA93-E1FB-4AD6-9F23-F7D0A25BD5C2}
	EndGlobalSection
EndGlobal
